
Microsoft Visual Studio Solution File, Format Version 12.00
# Visual Studio Version 16
VisualStudioVersion = 16.0.31321.278
MinimumVisualStudioVersion = 10.0.40219.1
Project("{FAE04EC0-301F-11D3-BF4B-00C04F79EFBC}") = "ASM", "ASM\ASM.csproj", "{BE55D4AF-1437-4710-B6C8-5F65462FC4A8}"
EndProject
Project("{FAE04EC0-301F-11D3-BF4B-00C04F79EFBC}") = "ASMP", "ASMP\ASMP.csproj", "{26170BC5-B2C0-4B36-ACD5-CBA634B52174}"
EndProject
Project("{FAE04EC0-301F-11D3-BF4B-00C04F79EFBC}") = "Forms", "Forms\Forms.csproj", "{61F98A44-6B77-4025-A99C-20243C616F47}"
EndProject
Project("{FAE04EC0-301F-11D3-BF4B-00C04F79EFBC}") = "Controls", "Controls\Controls.csproj", "{93C23A9F-1EF7-4417-8925-3F2A410D11E8}"
EndProject
Project("{FAE04EC0-301F-11D3-BF4B-00C04F79EFBC}") = "ASMForms", "ASMForms\ASMForms.csproj", "{77B07C3D-42CD-4298-9E3D-AF2FA53F7280}"
EndProject
Project("{FAE04EC0-301F-11D3-BF4B-00C04F79EFBC}") = "Formats", "Formats\Formats.csproj", "{980C8603-F470-4856-8284-BE449EB2F9C4}"
EndProject
Project("{FAE04EC0-301F-11D3-BF4B-00C04F79EFBC}") = "ASC", "ASC\ASC.csproj", "{AB513AEA-370E-4B95-A8D0-6B0162F95446}"
EndProject
Project("{FAE04EC0-301F-11D3-BF4B-00C04F79EFBC}") = "AST", "AST\AST.csproj", "{4F19D282-384C-4D86-B0D0-8D4974A6E5AB}"
EndProject
Project("{FAE04EC0-301F-11D3-BF4B-00C04F79EFBC}") = "Base", "Base\Base.csproj", "{A8874F3C-D11D-44E1-A085-8C8836AAE9FC}"
EndProject
Project("{2150E333-8FDC-42A3-9474-1A3956D46DE8}") = "Solution Items", "Solution Items", "{619DDE69-BC9B-4577-8058-CB68CADC2818}"
	ProjectSection(SolutionItems) = preProject
		ChangeLog.txt = ChangeLog.txt
		TODO.txt = TODO.txt
	EndProjectSection
EndProject
Project("{FAE04EC0-301F-11D3-BF4B-00C04F79EFBC}") = "ID3Tag", "ID3Tag\ID3Tag.csproj", "{CF94E1EC-89CF-4363-A4AD-370B71A1058E}"
EndProject
Project("{FAE04EC0-301F-11D3-BF4B-00C04F79EFBC}") = "SmartHotKey", "SmartHotKey\SmartHotKey.csproj", "{0E29A0D7-AFEC-458D-9155-C15CAA153D92}"
EndProject
Project("{FAE04EC0-301F-11D3-BF4B-00C04F79EFBC}") = "AEC", "AEC\AEC.csproj", "{FC13028B-4274-414A-9155-4063FCE86923}"
EndProject
Project("{FAE04EC0-301F-11D3-BF4B-00C04F79EFBC}") = "ASLV", "ASLV\ASLV.csproj", "{2E0F2E08-87D5-4BE6-B88A-EB36CEDBC5B8}"
EndProject
Global
	GlobalSection(SolutionConfigurationPlatforms) = preSolution
		Debug|Any CPU = Debug|Any CPU
		Debug|Mixed Platforms = Debug|Mixed Platforms
		Debug|x64 = Debug|x64
		Debug|x86 = Debug|x86
		Release x64|Any CPU = Release x64|Any CPU
		Release x64|Mixed Platforms = Release x64|Mixed Platforms
		Release x64|x64 = Release x64|x64
		Release x64|x86 = Release x64|x86
		Release x86|Any CPU = Release x86|Any CPU
		Release x86|Mixed Platforms = Release x86|Mixed Platforms
		Release x86|x64 = Release x86|x64
		Release x86|x86 = Release x86|x86
		Release|Any CPU = Release|Any CPU
		Release|Mixed Platforms = Release|Mixed Platforms
		Release|x64 = Release|x64
		Release|x86 = Release|x86
		x64|Any CPU = x64|Any CPU
		x64|Mixed Platforms = x64|Mixed Platforms
		x64|x64 = x64|x64
		x64|x86 = x64|x86
		x86|Any CPU = x86|Any CPU
		x86|Mixed Platforms = x86|Mixed Platforms
		x86|x64 = x86|x64
		x86|x86 = x86|x86
	EndGlobalSection
	GlobalSection(ProjectConfigurationPlatforms) = postSolution
		{BE55D4AF-1437-4710-B6C8-5F65462FC4A8}.Debug|Any CPU.ActiveCfg = Debug|x86
		{BE55D4AF-1437-4710-B6C8-5F65462FC4A8}.Debug|Mixed Platforms.ActiveCfg = Debug|x86
		{BE55D4AF-1437-4710-B6C8-5F65462FC4A8}.Debug|Mixed Platforms.Build.0 = Debug|x86
		{BE55D4AF-1437-4710-B6C8-5F65462FC4A8}.Debug|x64.ActiveCfg = Debug|x86
		{BE55D4AF-1437-4710-B6C8-5F65462FC4A8}.Debug|x86.ActiveCfg = Debug|x86
		{BE55D4AF-1437-4710-B6C8-5F65462FC4A8}.Debug|x86.Build.0 = Debug|x86
		{BE55D4AF-1437-4710-B6C8-5F65462FC4A8}.Release x64|Any CPU.ActiveCfg = Release|x86
		{BE55D4AF-1437-4710-B6C8-5F65462FC4A8}.Release x64|Mixed Platforms.ActiveCfg = Release|x86
		{BE55D4AF-1437-4710-B6C8-5F65462FC4A8}.Release x64|Mixed Platforms.Build.0 = Release|x86
		{BE55D4AF-1437-4710-B6C8-5F65462FC4A8}.Release x64|x64.ActiveCfg = Release|x86
		{BE55D4AF-1437-4710-B6C8-5F65462FC4A8}.Release x64|x86.ActiveCfg = Release|x86
		{BE55D4AF-1437-4710-B6C8-5F65462FC4A8}.Release x64|x86.Build.0 = Release|x86
		{BE55D4AF-1437-4710-B6C8-5F65462FC4A8}.Release x86|Any CPU.ActiveCfg = Release|x86
		{BE55D4AF-1437-4710-B6C8-5F65462FC4A8}.Release x86|Mixed Platforms.ActiveCfg = Release|x86
		{BE55D4AF-1437-4710-B6C8-5F65462FC4A8}.Release x86|Mixed Platforms.Build.0 = Release|x86
		{BE55D4AF-1437-4710-B6C8-5F65462FC4A8}.Release x86|x64.ActiveCfg = Release|x86
		{BE55D4AF-1437-4710-B6C8-5F65462FC4A8}.Release x86|x86.ActiveCfg = x86|x86
		{BE55D4AF-1437-4710-B6C8-5F65462FC4A8}.Release x86|x86.Build.0 = x86|x86
		{BE55D4AF-1437-4710-B6C8-5F65462FC4A8}.Release|Any CPU.ActiveCfg = Release|x86
		{BE55D4AF-1437-4710-B6C8-5F65462FC4A8}.Release|Mixed Platforms.ActiveCfg = Release|x86
		{BE55D4AF-1437-4710-B6C8-5F65462FC4A8}.Release|Mixed Platforms.Build.0 = Release|x86
		{BE55D4AF-1437-4710-B6C8-5F65462FC4A8}.Release|x64.ActiveCfg = Release|x86
		{BE55D4AF-1437-4710-B6C8-5F65462FC4A8}.Release|x86.ActiveCfg = Release|x86
		{BE55D4AF-1437-4710-B6C8-5F65462FC4A8}.Release|x86.Build.0 = Release|x86
		{BE55D4AF-1437-4710-B6C8-5F65462FC4A8}.x64|Any CPU.ActiveCfg = x86|x86
		{BE55D4AF-1437-4710-B6C8-5F65462FC4A8}.x64|Mixed Platforms.ActiveCfg = x86|x86
		{BE55D4AF-1437-4710-B6C8-5F65462FC4A8}.x64|Mixed Platforms.Build.0 = x86|x86
		{BE55D4AF-1437-4710-B6C8-5F65462FC4A8}.x64|x64.ActiveCfg = x86|x86
		{BE55D4AF-1437-4710-B6C8-5F65462FC4A8}.x64|x64.Build.0 = x86|x86
		{BE55D4AF-1437-4710-B6C8-5F65462FC4A8}.x64|x86.ActiveCfg = x86|x86
		{BE55D4AF-1437-4710-B6C8-5F65462FC4A8}.x64|x86.Build.0 = x86|x86
		{BE55D4AF-1437-4710-B6C8-5F65462FC4A8}.x86|Any CPU.ActiveCfg = x86|x86
		{BE55D4AF-1437-4710-B6C8-5F65462FC4A8}.x86|Mixed Platforms.ActiveCfg = x86|x86
		{BE55D4AF-1437-4710-B6C8-5F65462FC4A8}.x86|Mixed Platforms.Build.0 = x86|x86
		{BE55D4AF-1437-4710-B6C8-5F65462FC4A8}.x86|x64.ActiveCfg = x86|x86
		{BE55D4AF-1437-4710-B6C8-5F65462FC4A8}.x86|x86.ActiveCfg = x86|x86
		{BE55D4AF-1437-4710-B6C8-5F65462FC4A8}.x86|x86.Build.0 = x86|x86
		{26170BC5-B2C0-4B36-ACD5-CBA634B52174}.Debug|Any CPU.ActiveCfg = Debug|Any CPU
		{26170BC5-B2C0-4B36-ACD5-CBA634B52174}.Debug|Any CPU.Build.0 = Debug|Any CPU
		{26170BC5-B2C0-4B36-ACD5-CBA634B52174}.Debug|Mixed Platforms.ActiveCfg = Debug|Any CPU
		{26170BC5-B2C0-4B36-ACD5-CBA634B52174}.Debug|Mixed Platforms.Build.0 = Debug|Any CPU
		{26170BC5-B2C0-4B36-ACD5-CBA634B52174}.Debug|x64.ActiveCfg = Debug|x86
		{26170BC5-B2C0-4B36-ACD5-CBA634B52174}.Debug|x86.ActiveCfg = Debug|x86
		{26170BC5-B2C0-4B36-ACD5-CBA634B52174}.Debug|x86.Build.0 = Debug|x86
		{26170BC5-B2C0-4B36-ACD5-CBA634B52174}.Release x64|Any CPU.ActiveCfg = Release|x86
		{26170BC5-B2C0-4B36-ACD5-CBA634B52174}.Release x64|Mixed Platforms.ActiveCfg = Release|x86
		{26170BC5-B2C0-4B36-ACD5-CBA634B52174}.Release x64|Mixed Platforms.Build.0 = Release|x86
		{26170BC5-B2C0-4B36-ACD5-CBA634B52174}.Release x64|x64.ActiveCfg = Release|x86
		{26170BC5-B2C0-4B36-ACD5-CBA634B52174}.Release x64|x86.ActiveCfg = Release|x86
		{26170BC5-B2C0-4B36-ACD5-CBA634B52174}.Release x64|x86.Build.0 = Release|x86
		{26170BC5-B2C0-4B36-ACD5-CBA634B52174}.Release x86|Any CPU.ActiveCfg = x86|Any CPU
		{26170BC5-B2C0-4B36-ACD5-CBA634B52174}.Release x86|Any CPU.Build.0 = x86|Any CPU
		{26170BC5-B2C0-4B36-ACD5-CBA634B52174}.Release x86|Mixed Platforms.ActiveCfg = Release|x86
		{26170BC5-B2C0-4B36-ACD5-CBA634B52174}.Release x86|Mixed Platforms.Build.0 = Release|x86
		{26170BC5-B2C0-4B36-ACD5-CBA634B52174}.Release x86|x64.ActiveCfg = Release|x86
		{26170BC5-B2C0-4B36-ACD5-CBA634B52174}.Release x86|x86.ActiveCfg = x86|x86
		{26170BC5-B2C0-4B36-ACD5-CBA634B52174}.Release x86|x86.Build.0 = x86|x86
		{26170BC5-B2C0-4B36-ACD5-CBA634B52174}.Release|Any CPU.ActiveCfg = Release|Any CPU
		{26170BC5-B2C0-4B36-ACD5-CBA634B52174}.Release|Any CPU.Build.0 = Release|Any CPU
		{26170BC5-B2C0-4B36-ACD5-CBA634B52174}.Release|Mixed Platforms.ActiveCfg = Release|Any CPU
		{26170BC5-B2C0-4B36-ACD5-CBA634B52174}.Release|Mixed Platforms.Build.0 = Release|Any CPU
		{26170BC5-B2C0-4B36-ACD5-CBA634B52174}.Release|x64.ActiveCfg = Release|x86
		{26170BC5-B2C0-4B36-ACD5-CBA634B52174}.Release|x86.ActiveCfg = Release|x86
		{26170BC5-B2C0-4B36-ACD5-CBA634B52174}.Release|x86.Build.0 = Release|x86
		{26170BC5-B2C0-4B36-ACD5-CBA634B52174}.x64|Any CPU.ActiveCfg = x86|x86
		{26170BC5-B2C0-4B36-ACD5-CBA634B52174}.x64|Mixed Platforms.ActiveCfg = x86|x86
		{26170BC5-B2C0-4B36-ACD5-CBA634B52174}.x64|Mixed Platforms.Build.0 = x86|x86
		{26170BC5-B2C0-4B36-ACD5-CBA634B52174}.x64|x64.ActiveCfg = x86|x86
		{26170BC5-B2C0-4B36-ACD5-CBA634B52174}.x64|x64.Build.0 = x86|x86
		{26170BC5-B2C0-4B36-ACD5-CBA634B52174}.x64|x86.ActiveCfg = x86|x86
		{26170BC5-B2C0-4B36-ACD5-CBA634B52174}.x64|x86.Build.0 = x86|x86
		{26170BC5-B2C0-4B36-ACD5-CBA634B52174}.x86|Any CPU.ActiveCfg = x86|Any CPU
		{26170BC5-B2C0-4B36-ACD5-CBA634B52174}.x86|Any CPU.Build.0 = x86|Any CPU
		{26170BC5-B2C0-4B36-ACD5-CBA634B52174}.x86|Mixed Platforms.ActiveCfg = x86|x86
		{26170BC5-B2C0-4B36-ACD5-CBA634B52174}.x86|Mixed Platforms.Build.0 = x86|x86
		{26170BC5-B2C0-4B36-ACD5-CBA634B52174}.x86|x64.ActiveCfg = x86|x86
		{26170BC5-B2C0-4B36-ACD5-CBA634B52174}.x86|x86.ActiveCfg = x86|x86
		{26170BC5-B2C0-4B36-ACD5-CBA634B52174}.x86|x86.Build.0 = x86|x86
		{61F98A44-6B77-4025-A99C-20243C616F47}.Debug|Any CPU.ActiveCfg = Debug|Any CPU
		{61F98A44-6B77-4025-A99C-20243C616F47}.Debug|Any CPU.Build.0 = Debug|Any CPU
		{61F98A44-6B77-4025-A99C-20243C616F47}.Debug|Mixed Platforms.ActiveCfg = Debug|Any CPU
		{61F98A44-6B77-4025-A99C-20243C616F47}.Debug|Mixed Platforms.Build.0 = Debug|Any CPU
		{61F98A44-6B77-4025-A99C-20243C616F47}.Debug|x64.ActiveCfg = Debug|x86
		{61F98A44-6B77-4025-A99C-20243C616F47}.Debug|x86.ActiveCfg = Debug|x86
		{61F98A44-6B77-4025-A99C-20243C616F47}.Debug|x86.Build.0 = Debug|x86
		{61F98A44-6B77-4025-A99C-20243C616F47}.Release x64|Any CPU.ActiveCfg = Release|x86
		{61F98A44-6B77-4025-A99C-20243C616F47}.Release x64|Mixed Platforms.ActiveCfg = Release|x86
		{61F98A44-6B77-4025-A99C-20243C616F47}.Release x64|Mixed Platforms.Build.0 = Release|x86
		{61F98A44-6B77-4025-A99C-20243C616F47}.Release x64|x64.ActiveCfg = Release|x86
		{61F98A44-6B77-4025-A99C-20243C616F47}.Release x64|x86.ActiveCfg = Release|x86
		{61F98A44-6B77-4025-A99C-20243C616F47}.Release x64|x86.Build.0 = Release|x86
		{61F98A44-6B77-4025-A99C-20243C616F47}.Release x86|Any CPU.ActiveCfg = x86|Any CPU
		{61F98A44-6B77-4025-A99C-20243C616F47}.Release x86|Any CPU.Build.0 = x86|Any CPU
		{61F98A44-6B77-4025-A99C-20243C616F47}.Release x86|Mixed Platforms.ActiveCfg = Release|x86
		{61F98A44-6B77-4025-A99C-20243C616F47}.Release x86|Mixed Platforms.Build.0 = Release|x86
		{61F98A44-6B77-4025-A99C-20243C616F47}.Release x86|x64.ActiveCfg = Release|x86
		{61F98A44-6B77-4025-A99C-20243C616F47}.Release x86|x86.ActiveCfg = x86|x86
		{61F98A44-6B77-4025-A99C-20243C616F47}.Release x86|x86.Build.0 = x86|x86
		{61F98A44-6B77-4025-A99C-20243C616F47}.Release|Any CPU.ActiveCfg = Release|Any CPU
		{61F98A44-6B77-4025-A99C-20243C616F47}.Release|Any CPU.Build.0 = Release|Any CPU
		{61F98A44-6B77-4025-A99C-20243C616F47}.Release|Mixed Platforms.ActiveCfg = Release|Any CPU
		{61F98A44-6B77-4025-A99C-20243C616F47}.Release|Mixed Platforms.Build.0 = Release|Any CPU
		{61F98A44-6B77-4025-A99C-20243C616F47}.Release|x64.ActiveCfg = Release|x86
		{61F98A44-6B77-4025-A99C-20243C616F47}.Release|x86.ActiveCfg = Release|x86
		{61F98A44-6B77-4025-A99C-20243C616F47}.Release|x86.Build.0 = Release|x86
		{61F98A44-6B77-4025-A99C-20243C616F47}.x64|Any CPU.ActiveCfg = x86|x86
		{61F98A44-6B77-4025-A99C-20243C616F47}.x64|Mixed Platforms.ActiveCfg = x86|x86
		{61F98A44-6B77-4025-A99C-20243C616F47}.x64|Mixed Platforms.Build.0 = x86|x86
		{61F98A44-6B77-4025-A99C-20243C616F47}.x64|x64.ActiveCfg = x86|x86
		{61F98A44-6B77-4025-A99C-20243C616F47}.x64|x64.Build.0 = x86|x86
		{61F98A44-6B77-4025-A99C-20243C616F47}.x64|x86.ActiveCfg = x86|x86
		{61F98A44-6B77-4025-A99C-20243C616F47}.x64|x86.Build.0 = x86|x86
		{61F98A44-6B77-4025-A99C-20243C616F47}.x86|Any CPU.ActiveCfg = x86|Any CPU
		{61F98A44-6B77-4025-A99C-20243C616F47}.x86|Any CPU.Build.0 = x86|Any CPU
		{61F98A44-6B77-4025-A99C-20243C616F47}.x86|Mixed Platforms.ActiveCfg = x86|x86
		{61F98A44-6B77-4025-A99C-20243C616F47}.x86|Mixed Platforms.Build.0 = x86|x86
		{61F98A44-6B77-4025-A99C-20243C616F47}.x86|x64.ActiveCfg = x86|x86
		{61F98A44-6B77-4025-A99C-20243C616F47}.x86|x86.ActiveCfg = x86|x86
		{61F98A44-6B77-4025-A99C-20243C616F47}.x86|x86.Build.0 = x86|x86
		{93C23A9F-1EF7-4417-8925-3F2A410D11E8}.Debug|Any CPU.ActiveCfg = Debug|Any CPU
		{93C23A9F-1EF7-4417-8925-3F2A410D11E8}.Debug|Any CPU.Build.0 = Debug|Any CPU
		{93C23A9F-1EF7-4417-8925-3F2A410D11E8}.Debug|Mixed Platforms.ActiveCfg = Debug|Any CPU
		{93C23A9F-1EF7-4417-8925-3F2A410D11E8}.Debug|Mixed Platforms.Build.0 = Debug|Any CPU
		{93C23A9F-1EF7-4417-8925-3F2A410D11E8}.Debug|x64.ActiveCfg = Debug|x86
		{93C23A9F-1EF7-4417-8925-3F2A410D11E8}.Debug|x86.ActiveCfg = Debug|x86
		{93C23A9F-1EF7-4417-8925-3F2A410D11E8}.Debug|x86.Build.0 = Debug|x86
		{93C23A9F-1EF7-4417-8925-3F2A410D11E8}.Release x64|Any CPU.ActiveCfg = Release|x86
		{93C23A9F-1EF7-4417-8925-3F2A410D11E8}.Release x64|Mixed Platforms.ActiveCfg = Release|x86
		{93C23A9F-1EF7-4417-8925-3F2A410D11E8}.Release x64|Mixed Platforms.Build.0 = Release|x86
		{93C23A9F-1EF7-4417-8925-3F2A410D11E8}.Release x64|x64.ActiveCfg = Release|x86
		{93C23A9F-1EF7-4417-8925-3F2A410D11E8}.Release x64|x86.ActiveCfg = Release|x86
		{93C23A9F-1EF7-4417-8925-3F2A410D11E8}.Release x64|x86.Build.0 = Release|x86
		{93C23A9F-1EF7-4417-8925-3F2A410D11E8}.Release x86|Any CPU.ActiveCfg = x86|Any CPU
		{93C23A9F-1EF7-4417-8925-3F2A410D11E8}.Release x86|Any CPU.Build.0 = x86|Any CPU
		{93C23A9F-1EF7-4417-8925-3F2A410D11E8}.Release x86|Mixed Platforms.ActiveCfg = Release|x86
		{93C23A9F-1EF7-4417-8925-3F2A410D11E8}.Release x86|Mixed Platforms.Build.0 = Release|x86
		{93C23A9F-1EF7-4417-8925-3F2A410D11E8}.Release x86|x64.ActiveCfg = Release|x86
		{93C23A9F-1EF7-4417-8925-3F2A410D11E8}.Release x86|x86.ActiveCfg = x86|x86
		{93C23A9F-1EF7-4417-8925-3F2A410D11E8}.Release x86|x86.Build.0 = x86|x86
		{93C23A9F-1EF7-4417-8925-3F2A410D11E8}.Release|Any CPU.ActiveCfg = Release|Any CPU
		{93C23A9F-1EF7-4417-8925-3F2A410D11E8}.Release|Any CPU.Build.0 = Release|Any CPU
		{93C23A9F-1EF7-4417-8925-3F2A410D11E8}.Release|Mixed Platforms.ActiveCfg = Release|Any CPU
		{93C23A9F-1EF7-4417-8925-3F2A410D11E8}.Release|Mixed Platforms.Build.0 = Release|Any CPU
		{93C23A9F-1EF7-4417-8925-3F2A410D11E8}.Release|x64.ActiveCfg = Release|x86
		{93C23A9F-1EF7-4417-8925-3F2A410D11E8}.Release|x86.ActiveCfg = Release|x86
		{93C23A9F-1EF7-4417-8925-3F2A410D11E8}.Release|x86.Build.0 = Release|x86
		{93C23A9F-1EF7-4417-8925-3F2A410D11E8}.x64|Any CPU.ActiveCfg = x86|x86
		{93C23A9F-1EF7-4417-8925-3F2A410D11E8}.x64|Mixed Platforms.ActiveCfg = x86|x86
		{93C23A9F-1EF7-4417-8925-3F2A410D11E8}.x64|Mixed Platforms.Build.0 = x86|x86
		{93C23A9F-1EF7-4417-8925-3F2A410D11E8}.x64|x64.ActiveCfg = x86|x86
		{93C23A9F-1EF7-4417-8925-3F2A410D11E8}.x64|x64.Build.0 = x86|x86
		{93C23A9F-1EF7-4417-8925-3F2A410D11E8}.x64|x86.ActiveCfg = x86|x86
		{93C23A9F-1EF7-4417-8925-3F2A410D11E8}.x64|x86.Build.0 = x86|x86
		{93C23A9F-1EF7-4417-8925-3F2A410D11E8}.x86|Any CPU.ActiveCfg = x86|Any CPU
		{93C23A9F-1EF7-4417-8925-3F2A410D11E8}.x86|Any CPU.Build.0 = x86|Any CPU
		{93C23A9F-1EF7-4417-8925-3F2A410D11E8}.x86|Mixed Platforms.ActiveCfg = x86|x86
		{93C23A9F-1EF7-4417-8925-3F2A410D11E8}.x86|Mixed Platforms.Build.0 = x86|x86
		{93C23A9F-1EF7-4417-8925-3F2A410D11E8}.x86|x64.ActiveCfg = x86|x86
		{93C23A9F-1EF7-4417-8925-3F2A410D11E8}.x86|x86.ActiveCfg = x86|x86
		{93C23A9F-1EF7-4417-8925-3F2A410D11E8}.x86|x86.Build.0 = x86|x86
		{77B07C3D-42CD-4298-9E3D-AF2FA53F7280}.Debug|Any CPU.ActiveCfg = Debug|Any CPU
		{77B07C3D-42CD-4298-9E3D-AF2FA53F7280}.Debug|Any CPU.Build.0 = Debug|Any CPU
		{77B07C3D-42CD-4298-9E3D-AF2FA53F7280}.Debug|Mixed Platforms.ActiveCfg = Debug|Any CPU
		{77B07C3D-42CD-4298-9E3D-AF2FA53F7280}.Debug|Mixed Platforms.Build.0 = Debug|Any CPU
		{77B07C3D-42CD-4298-9E3D-AF2FA53F7280}.Debug|x64.ActiveCfg = Debug|x86
		{77B07C3D-42CD-4298-9E3D-AF2FA53F7280}.Debug|x86.ActiveCfg = Debug|x86
		{77B07C3D-42CD-4298-9E3D-AF2FA53F7280}.Debug|x86.Build.0 = Debug|x86
		{77B07C3D-42CD-4298-9E3D-AF2FA53F7280}.Release x64|Any CPU.ActiveCfg = Release|x86
		{77B07C3D-42CD-4298-9E3D-AF2FA53F7280}.Release x64|Mixed Platforms.ActiveCfg = Release|x86
		{77B07C3D-42CD-4298-9E3D-AF2FA53F7280}.Release x64|Mixed Platforms.Build.0 = Release|x86
		{77B07C3D-42CD-4298-9E3D-AF2FA53F7280}.Release x64|x64.ActiveCfg = Release|x86
		{77B07C3D-42CD-4298-9E3D-AF2FA53F7280}.Release x64|x86.ActiveCfg = Release|x86
		{77B07C3D-42CD-4298-9E3D-AF2FA53F7280}.Release x64|x86.Build.0 = Release|x86
		{77B07C3D-42CD-4298-9E3D-AF2FA53F7280}.Release x86|Any CPU.ActiveCfg = x86|Any CPU
		{77B07C3D-42CD-4298-9E3D-AF2FA53F7280}.Release x86|Any CPU.Build.0 = x86|Any CPU
		{77B07C3D-42CD-4298-9E3D-AF2FA53F7280}.Release x86|Mixed Platforms.ActiveCfg = Release|x86
		{77B07C3D-42CD-4298-9E3D-AF2FA53F7280}.Release x86|Mixed Platforms.Build.0 = Release|x86
		{77B07C3D-42CD-4298-9E3D-AF2FA53F7280}.Release x86|x64.ActiveCfg = Release|x86
		{77B07C3D-42CD-4298-9E3D-AF2FA53F7280}.Release x86|x86.ActiveCfg = x86|x86
		{77B07C3D-42CD-4298-9E3D-AF2FA53F7280}.Release x86|x86.Build.0 = x86|x86
		{77B07C3D-42CD-4298-9E3D-AF2FA53F7280}.Release|Any CPU.ActiveCfg = Release|Any CPU
		{77B07C3D-42CD-4298-9E3D-AF2FA53F7280}.Release|Any CPU.Build.0 = Release|Any CPU
		{77B07C3D-42CD-4298-9E3D-AF2FA53F7280}.Release|Mixed Platforms.ActiveCfg = Release|Any CPU
		{77B07C3D-42CD-4298-9E3D-AF2FA53F7280}.Release|Mixed Platforms.Build.0 = Release|Any CPU
		{77B07C3D-42CD-4298-9E3D-AF2FA53F7280}.Release|x64.ActiveCfg = Release|x86
		{77B07C3D-42CD-4298-9E3D-AF2FA53F7280}.Release|x86.ActiveCfg = Release|x86
		{77B07C3D-42CD-4298-9E3D-AF2FA53F7280}.Release|x86.Build.0 = Release|x86
		{77B07C3D-42CD-4298-9E3D-AF2FA53F7280}.x64|Any CPU.ActiveCfg = x86|x86
		{77B07C3D-42CD-4298-9E3D-AF2FA53F7280}.x64|Mixed Platforms.ActiveCfg = x86|x86
		{77B07C3D-42CD-4298-9E3D-AF2FA53F7280}.x64|Mixed Platforms.Build.0 = x86|x86
		{77B07C3D-42CD-4298-9E3D-AF2FA53F7280}.x64|x64.ActiveCfg = x86|x86
		{77B07C3D-42CD-4298-9E3D-AF2FA53F7280}.x64|x64.Build.0 = x86|x86
		{77B07C3D-42CD-4298-9E3D-AF2FA53F7280}.x64|x86.ActiveCfg = x86|x86
		{77B07C3D-42CD-4298-9E3D-AF2FA53F7280}.x64|x86.Build.0 = x86|x86
		{77B07C3D-42CD-4298-9E3D-AF2FA53F7280}.x86|Any CPU.ActiveCfg = x86|Any CPU
		{77B07C3D-42CD-4298-9E3D-AF2FA53F7280}.x86|Any CPU.Build.0 = x86|Any CPU
		{77B07C3D-42CD-4298-9E3D-AF2FA53F7280}.x86|Mixed Platforms.ActiveCfg = x86|x86
		{77B07C3D-42CD-4298-9E3D-AF2FA53F7280}.x86|Mixed Platforms.Build.0 = x86|x86
		{77B07C3D-42CD-4298-9E3D-AF2FA53F7280}.x86|x64.ActiveCfg = x86|x86
		{77B07C3D-42CD-4298-9E3D-AF2FA53F7280}.x86|x86.ActiveCfg = x86|x86
		{77B07C3D-42CD-4298-9E3D-AF2FA53F7280}.x86|x86.Build.0 = x86|x86
		{980C8603-F470-4856-8284-BE449EB2F9C4}.Debug|Any CPU.ActiveCfg = Debug|Any CPU
		{980C8603-F470-4856-8284-BE449EB2F9C4}.Debug|Any CPU.Build.0 = Debug|Any CPU
		{980C8603-F470-4856-8284-BE449EB2F9C4}.Debug|Mixed Platforms.ActiveCfg = Debug|Any CPU
		{980C8603-F470-4856-8284-BE449EB2F9C4}.Debug|Mixed Platforms.Build.0 = Debug|Any CPU
		{980C8603-F470-4856-8284-BE449EB2F9C4}.Debug|x64.ActiveCfg = Debug|x86
		{980C8603-F470-4856-8284-BE449EB2F9C4}.Debug|x86.ActiveCfg = Debug|x86
		{980C8603-F470-4856-8284-BE449EB2F9C4}.Debug|x86.Build.0 = Debug|x86
		{980C8603-F470-4856-8284-BE449EB2F9C4}.Release x64|Any CPU.ActiveCfg = Release|x86
		{980C8603-F470-4856-8284-BE449EB2F9C4}.Release x64|Mixed Platforms.ActiveCfg = Release|x86
		{980C8603-F470-4856-8284-BE449EB2F9C4}.Release x64|Mixed Platforms.Build.0 = Release|x86
		{980C8603-F470-4856-8284-BE449EB2F9C4}.Release x64|x64.ActiveCfg = Release|x86
		{980C8603-F470-4856-8284-BE449EB2F9C4}.Release x64|x86.ActiveCfg = Release|x86
		{980C8603-F470-4856-8284-BE449EB2F9C4}.Release x64|x86.Build.0 = Release|x86
		{980C8603-F470-4856-8284-BE449EB2F9C4}.Release x86|Any CPU.ActiveCfg = x86|Any CPU
		{980C8603-F470-4856-8284-BE449EB2F9C4}.Release x86|Any CPU.Build.0 = x86|Any CPU
		{980C8603-F470-4856-8284-BE449EB2F9C4}.Release x86|Mixed Platforms.ActiveCfg = Release|x86
		{980C8603-F470-4856-8284-BE449EB2F9C4}.Release x86|Mixed Platforms.Build.0 = Release|x86
		{980C8603-F470-4856-8284-BE449EB2F9C4}.Release x86|x64.ActiveCfg = Release|x86
		{980C8603-F470-4856-8284-BE449EB2F9C4}.Release x86|x86.ActiveCfg = x86|x86
		{980C8603-F470-4856-8284-BE449EB2F9C4}.Release x86|x86.Build.0 = x86|x86
		{980C8603-F470-4856-8284-BE449EB2F9C4}.Release|Any CPU.ActiveCfg = Release|Any CPU
		{980C8603-F470-4856-8284-BE449EB2F9C4}.Release|Any CPU.Build.0 = Release|Any CPU
		{980C8603-F470-4856-8284-BE449EB2F9C4}.Release|Mixed Platforms.ActiveCfg = Release|Any CPU
		{980C8603-F470-4856-8284-BE449EB2F9C4}.Release|Mixed Platforms.Build.0 = Release|Any CPU
		{980C8603-F470-4856-8284-BE449EB2F9C4}.Release|x64.ActiveCfg = Release|x86
		{980C8603-F470-4856-8284-BE449EB2F9C4}.Release|x86.ActiveCfg = Release|x86
		{980C8603-F470-4856-8284-BE449EB2F9C4}.Release|x86.Build.0 = Release|x86
		{980C8603-F470-4856-8284-BE449EB2F9C4}.x64|Any CPU.ActiveCfg = x86|x86
		{980C8603-F470-4856-8284-BE449EB2F9C4}.x64|Mixed Platforms.ActiveCfg = x86|x86
		{980C8603-F470-4856-8284-BE449EB2F9C4}.x64|Mixed Platforms.Build.0 = x86|x86
		{980C8603-F470-4856-8284-BE449EB2F9C4}.x64|x64.ActiveCfg = x86|x86
		{980C8603-F470-4856-8284-BE449EB2F9C4}.x64|x64.Build.0 = x86|x86
		{980C8603-F470-4856-8284-BE449EB2F9C4}.x64|x86.ActiveCfg = x86|x86
		{980C8603-F470-4856-8284-BE449EB2F9C4}.x64|x86.Build.0 = x86|x86
		{980C8603-F470-4856-8284-BE449EB2F9C4}.x86|Any CPU.ActiveCfg = x86|Any CPU
		{980C8603-F470-4856-8284-BE449EB2F9C4}.x86|Any CPU.Build.0 = x86|Any CPU
		{980C8603-F470-4856-8284-BE449EB2F9C4}.x86|Mixed Platforms.ActiveCfg = x86|x86
		{980C8603-F470-4856-8284-BE449EB2F9C4}.x86|Mixed Platforms.Build.0 = x86|x86
		{980C8603-F470-4856-8284-BE449EB2F9C4}.x86|x64.ActiveCfg = x86|x86
		{980C8603-F470-4856-8284-BE449EB2F9C4}.x86|x86.ActiveCfg = x86|x86
		{980C8603-F470-4856-8284-BE449EB2F9C4}.x86|x86.Build.0 = x86|x86
		{AB513AEA-370E-4B95-A8D0-6B0162F95446}.Debug|Any CPU.ActiveCfg = Debug|x86
		{AB513AEA-370E-4B95-A8D0-6B0162F95446}.Debug|Mixed Platforms.ActiveCfg = Debug|x86
		{AB513AEA-370E-4B95-A8D0-6B0162F95446}.Debug|Mixed Platforms.Build.0 = Debug|x86
		{AB513AEA-370E-4B95-A8D0-6B0162F95446}.Debug|x64.ActiveCfg = Debug|x86
		{AB513AEA-370E-4B95-A8D0-6B0162F95446}.Debug|x86.ActiveCfg = Debug|x86
		{AB513AEA-370E-4B95-A8D0-6B0162F95446}.Debug|x86.Build.0 = Debug|x86
		{AB513AEA-370E-4B95-A8D0-6B0162F95446}.Release x64|Any CPU.ActiveCfg = Release|x86
		{AB513AEA-370E-4B95-A8D0-6B0162F95446}.Release x64|Mixed Platforms.ActiveCfg = Release|x86
		{AB513AEA-370E-4B95-A8D0-6B0162F95446}.Release x64|Mixed Platforms.Build.0 = Release|x86
		{AB513AEA-370E-4B95-A8D0-6B0162F95446}.Release x64|x64.ActiveCfg = Release|x86
		{AB513AEA-370E-4B95-A8D0-6B0162F95446}.Release x64|x86.ActiveCfg = Release|x86
		{AB513AEA-370E-4B95-A8D0-6B0162F95446}.Release x64|x86.Build.0 = Release|x86
		{AB513AEA-370E-4B95-A8D0-6B0162F95446}.Release x86|Any CPU.ActiveCfg = Release|x86
		{AB513AEA-370E-4B95-A8D0-6B0162F95446}.Release x86|Mixed Platforms.ActiveCfg = Release|x86
		{AB513AEA-370E-4B95-A8D0-6B0162F95446}.Release x86|Mixed Platforms.Build.0 = Release|x86
		{AB513AEA-370E-4B95-A8D0-6B0162F95446}.Release x86|x64.ActiveCfg = Release|x86
		{AB513AEA-370E-4B95-A8D0-6B0162F95446}.Release x86|x86.ActiveCfg = Release|x86
		{AB513AEA-370E-4B95-A8D0-6B0162F95446}.Release x86|x86.Build.0 = Release|x86
		{AB513AEA-370E-4B95-A8D0-6B0162F95446}.Release|Any CPU.ActiveCfg = Release|x86
		{AB513AEA-370E-4B95-A8D0-6B0162F95446}.Release|Mixed Platforms.ActiveCfg = Release|x86
		{AB513AEA-370E-4B95-A8D0-6B0162F95446}.Release|Mixed Platforms.Build.0 = Release|x86
		{AB513AEA-370E-4B95-A8D0-6B0162F95446}.Release|x64.ActiveCfg = Release|x86
		{AB513AEA-370E-4B95-A8D0-6B0162F95446}.Release|x86.ActiveCfg = Release|x86
		{AB513AEA-370E-4B95-A8D0-6B0162F95446}.Release|x86.Build.0 = Release|x86
		{AB513AEA-370E-4B95-A8D0-6B0162F95446}.x64|Any CPU.ActiveCfg = Release|x86
		{AB513AEA-370E-4B95-A8D0-6B0162F95446}.x64|Mixed Platforms.ActiveCfg = Release|x86
		{AB513AEA-370E-4B95-A8D0-6B0162F95446}.x64|Mixed Platforms.Build.0 = Release|x86
		{AB513AEA-370E-4B95-A8D0-6B0162F95446}.x64|x64.ActiveCfg = Release|x86
		{AB513AEA-370E-4B95-A8D0-6B0162F95446}.x64|x64.Build.0 = Release|x86
		{AB513AEA-370E-4B95-A8D0-6B0162F95446}.x64|x86.ActiveCfg = Release|x86
		{AB513AEA-370E-4B95-A8D0-6B0162F95446}.x64|x86.Build.0 = Release|x86
		{AB513AEA-370E-4B95-A8D0-6B0162F95446}.x86|Any CPU.ActiveCfg = Release|x86
		{AB513AEA-370E-4B95-A8D0-6B0162F95446}.x86|Mixed Platforms.ActiveCfg = Release|x86
		{AB513AEA-370E-4B95-A8D0-6B0162F95446}.x86|Mixed Platforms.Build.0 = Release|x86
		{AB513AEA-370E-4B95-A8D0-6B0162F95446}.x86|x64.ActiveCfg = Release|x86
		{AB513AEA-370E-4B95-A8D0-6B0162F95446}.x86|x86.ActiveCfg = Release|x86
		{AB513AEA-370E-4B95-A8D0-6B0162F95446}.x86|x86.Build.0 = Release|x86
		{4F19D282-384C-4D86-B0D0-8D4974A6E5AB}.Debug|Any CPU.ActiveCfg = Debug|x86
		{4F19D282-384C-4D86-B0D0-8D4974A6E5AB}.Debug|Mixed Platforms.ActiveCfg = Debug|x86
		{4F19D282-384C-4D86-B0D0-8D4974A6E5AB}.Debug|Mixed Platforms.Build.0 = Debug|x86
		{4F19D282-384C-4D86-B0D0-8D4974A6E5AB}.Debug|x64.ActiveCfg = Debug|x86
		{4F19D282-384C-4D86-B0D0-8D4974A6E5AB}.Debug|x86.ActiveCfg = Debug|x86
		{4F19D282-384C-4D86-B0D0-8D4974A6E5AB}.Debug|x86.Build.0 = Debug|x86
		{4F19D282-384C-4D86-B0D0-8D4974A6E5AB}.Release x64|Any CPU.ActiveCfg = Release|x86
		{4F19D282-384C-4D86-B0D0-8D4974A6E5AB}.Release x64|Mixed Platforms.ActiveCfg = Release|x86
		{4F19D282-384C-4D86-B0D0-8D4974A6E5AB}.Release x64|Mixed Platforms.Build.0 = Release|x86
		{4F19D282-384C-4D86-B0D0-8D4974A6E5AB}.Release x64|x64.ActiveCfg = Release|x86
		{4F19D282-384C-4D86-B0D0-8D4974A6E5AB}.Release x64|x86.ActiveCfg = Release|x86
		{4F19D282-384C-4D86-B0D0-8D4974A6E5AB}.Release x64|x86.Build.0 = Release|x86
		{4F19D282-384C-4D86-B0D0-8D4974A6E5AB}.Release x86|Any CPU.ActiveCfg = Release|x86
		{4F19D282-384C-4D86-B0D0-8D4974A6E5AB}.Release x86|Mixed Platforms.ActiveCfg = Release|x86
		{4F19D282-384C-4D86-B0D0-8D4974A6E5AB}.Release x86|Mixed Platforms.Build.0 = Release|x86
		{4F19D282-384C-4D86-B0D0-8D4974A6E5AB}.Release x86|x64.ActiveCfg = Release|x86
		{4F19D282-384C-4D86-B0D0-8D4974A6E5AB}.Release x86|x86.ActiveCfg = Release|x86
		{4F19D282-384C-4D86-B0D0-8D4974A6E5AB}.Release x86|x86.Build.0 = Release|x86
		{4F19D282-384C-4D86-B0D0-8D4974A6E5AB}.Release|Any CPU.ActiveCfg = Release|x86
		{4F19D282-384C-4D86-B0D0-8D4974A6E5AB}.Release|Mixed Platforms.ActiveCfg = Release|x86
		{4F19D282-384C-4D86-B0D0-8D4974A6E5AB}.Release|Mixed Platforms.Build.0 = Release|x86
		{4F19D282-384C-4D86-B0D0-8D4974A6E5AB}.Release|x64.ActiveCfg = Release|x86
		{4F19D282-384C-4D86-B0D0-8D4974A6E5AB}.Release|x86.ActiveCfg = Release|x86
		{4F19D282-384C-4D86-B0D0-8D4974A6E5AB}.Release|x86.Build.0 = Release|x86
		{4F19D282-384C-4D86-B0D0-8D4974A6E5AB}.x64|Any CPU.ActiveCfg = Release|x86
		{4F19D282-384C-4D86-B0D0-8D4974A6E5AB}.x64|Mixed Platforms.ActiveCfg = Release|x86
		{4F19D282-384C-4D86-B0D0-8D4974A6E5AB}.x64|Mixed Platforms.Build.0 = Release|x86
		{4F19D282-384C-4D86-B0D0-8D4974A6E5AB}.x64|x64.ActiveCfg = Release|x86
		{4F19D282-384C-4D86-B0D0-8D4974A6E5AB}.x64|x64.Build.0 = Release|x86
		{4F19D282-384C-4D86-B0D0-8D4974A6E5AB}.x64|x86.ActiveCfg = Release|x86
		{4F19D282-384C-4D86-B0D0-8D4974A6E5AB}.x64|x86.Build.0 = Release|x86
		{4F19D282-384C-4D86-B0D0-8D4974A6E5AB}.x86|Any CPU.ActiveCfg = Release|x86
		{4F19D282-384C-4D86-B0D0-8D4974A6E5AB}.x86|Mixed Platforms.ActiveCfg = Release|x86
		{4F19D282-384C-4D86-B0D0-8D4974A6E5AB}.x86|Mixed Platforms.Build.0 = Release|x86
		{4F19D282-384C-4D86-B0D0-8D4974A6E5AB}.x86|x64.ActiveCfg = Release|x86
		{4F19D282-384C-4D86-B0D0-8D4974A6E5AB}.x86|x86.ActiveCfg = Release|x86
		{4F19D282-384C-4D86-B0D0-8D4974A6E5AB}.x86|x86.Build.0 = Release|x86
		{A8874F3C-D11D-44E1-A085-8C8836AAE9FC}.Debug|Any CPU.ActiveCfg = Debug|Any CPU
		{A8874F3C-D11D-44E1-A085-8C8836AAE9FC}.Debug|Any CPU.Build.0 = Debug|Any CPU
		{A8874F3C-D11D-44E1-A085-8C8836AAE9FC}.Debug|Mixed Platforms.ActiveCfg = Debug|x86
		{A8874F3C-D11D-44E1-A085-8C8836AAE9FC}.Debug|Mixed Platforms.Build.0 = Debug|x86
		{A8874F3C-D11D-44E1-A085-8C8836AAE9FC}.Debug|x64.ActiveCfg = Debug|x64
		{A8874F3C-D11D-44E1-A085-8C8836AAE9FC}.Debug|x64.Build.0 = Debug|x64
		{A8874F3C-D11D-44E1-A085-8C8836AAE9FC}.Debug|x86.ActiveCfg = Debug|x86
		{A8874F3C-D11D-44E1-A085-8C8836AAE9FC}.Debug|x86.Build.0 = Debug|x86
		{A8874F3C-D11D-44E1-A085-8C8836AAE9FC}.Release x64|Any CPU.ActiveCfg = Release x64|Any CPU
		{A8874F3C-D11D-44E1-A085-8C8836AAE9FC}.Release x64|Any CPU.Build.0 = Release x64|Any CPU
		{A8874F3C-D11D-44E1-A085-8C8836AAE9FC}.Release x64|Mixed Platforms.ActiveCfg = Release x64|x86
		{A8874F3C-D11D-44E1-A085-8C8836AAE9FC}.Release x64|Mixed Platforms.Build.0 = Release x64|x86
		{A8874F3C-D11D-44E1-A085-8C8836AAE9FC}.Release x64|x64.ActiveCfg = Release x64|x64
		{A8874F3C-D11D-44E1-A085-8C8836AAE9FC}.Release x64|x64.Build.0 = Release x64|x64
		{A8874F3C-D11D-44E1-A085-8C8836AAE9FC}.Release x64|x86.ActiveCfg = Release x64|x86
		{A8874F3C-D11D-44E1-A085-8C8836AAE9FC}.Release x64|x86.Build.0 = Release x64|x86
		{A8874F3C-D11D-44E1-A085-8C8836AAE9FC}.Release x86|Any CPU.ActiveCfg = Release x86|Any CPU
		{A8874F3C-D11D-44E1-A085-8C8836AAE9FC}.Release x86|Any CPU.Build.0 = Release x86|Any CPU
		{A8874F3C-D11D-44E1-A085-8C8836AAE9FC}.Release x86|Mixed Platforms.ActiveCfg = Release x86|x86
		{A8874F3C-D11D-44E1-A085-8C8836AAE9FC}.Release x86|Mixed Platforms.Build.0 = Release x86|x86
		{A8874F3C-D11D-44E1-A085-8C8836AAE9FC}.Release x86|x64.ActiveCfg = Release x86|x64
		{A8874F3C-D11D-44E1-A085-8C8836AAE9FC}.Release x86|x64.Build.0 = Release x86|x64
		{A8874F3C-D11D-44E1-A085-8C8836AAE9FC}.Release x86|x86.ActiveCfg = Release x86|x86
		{A8874F3C-D11D-44E1-A085-8C8836AAE9FC}.Release x86|x86.Build.0 = Release x86|x86
		{A8874F3C-D11D-44E1-A085-8C8836AAE9FC}.Release|Any CPU.ActiveCfg = Release|Any CPU
		{A8874F3C-D11D-44E1-A085-8C8836AAE9FC}.Release|Any CPU.Build.0 = Release|Any CPU
		{A8874F3C-D11D-44E1-A085-8C8836AAE9FC}.Release|Mixed Platforms.ActiveCfg = Release|x86
		{A8874F3C-D11D-44E1-A085-8C8836AAE9FC}.Release|Mixed Platforms.Build.0 = Release|x86
		{A8874F3C-D11D-44E1-A085-8C8836AAE9FC}.Release|x64.ActiveCfg = Release|x64
		{A8874F3C-D11D-44E1-A085-8C8836AAE9FC}.Release|x64.Build.0 = Release|x64
		{A8874F3C-D11D-44E1-A085-8C8836AAE9FC}.Release|x86.ActiveCfg = Release|x86
		{A8874F3C-D11D-44E1-A085-8C8836AAE9FC}.Release|x86.Build.0 = Release|x86
		{A8874F3C-D11D-44E1-A085-8C8836AAE9FC}.x64|Any CPU.ActiveCfg = x64|Any CPU
		{A8874F3C-D11D-44E1-A085-8C8836AAE9FC}.x64|Any CPU.Build.0 = x64|Any CPU
		{A8874F3C-D11D-44E1-A085-8C8836AAE9FC}.x64|Mixed Platforms.ActiveCfg = x64|x86
		{A8874F3C-D11D-44E1-A085-8C8836AAE9FC}.x64|Mixed Platforms.Build.0 = x64|x86
		{A8874F3C-D11D-44E1-A085-8C8836AAE9FC}.x64|x64.ActiveCfg = x64|x64
		{A8874F3C-D11D-44E1-A085-8C8836AAE9FC}.x64|x64.Build.0 = x64|x64
		{A8874F3C-D11D-44E1-A085-8C8836AAE9FC}.x64|x86.ActiveCfg = x64|x86
		{A8874F3C-D11D-44E1-A085-8C8836AAE9FC}.x64|x86.Build.0 = x64|x86
		{A8874F3C-D11D-44E1-A085-8C8836AAE9FC}.x86|Any CPU.ActiveCfg = x86|Any CPU
		{A8874F3C-D11D-44E1-A085-8C8836AAE9FC}.x86|Any CPU.Build.0 = x86|Any CPU
		{A8874F3C-D11D-44E1-A085-8C8836AAE9FC}.x86|Mixed Platforms.ActiveCfg = x86|x86
		{A8874F3C-D11D-44E1-A085-8C8836AAE9FC}.x86|Mixed Platforms.Build.0 = x86|x86
		{A8874F3C-D11D-44E1-A085-8C8836AAE9FC}.x86|x64.ActiveCfg = x86|x64
		{A8874F3C-D11D-44E1-A085-8C8836AAE9FC}.x86|x64.Build.0 = x86|x64
		{A8874F3C-D11D-44E1-A085-8C8836AAE9FC}.x86|x86.ActiveCfg = x86|x86
		{A8874F3C-D11D-44E1-A085-8C8836AAE9FC}.x86|x86.Build.0 = x86|x86
		{CF94E1EC-89CF-4363-A4AD-370B71A1058E}.Debug|Any CPU.ActiveCfg = Debug|Any CPU
		{CF94E1EC-89CF-4363-A4AD-370B71A1058E}.Debug|Any CPU.Build.0 = Debug|Any CPU
		{CF94E1EC-89CF-4363-A4AD-370B71A1058E}.Debug|Mixed Platforms.ActiveCfg = Debug|x86
		{CF94E1EC-89CF-4363-A4AD-370B71A1058E}.Debug|Mixed Platforms.Build.0 = Debug|x86
		{CF94E1EC-89CF-4363-A4AD-370B71A1058E}.Debug|x64.ActiveCfg = Debug|Any CPU
		{CF94E1EC-89CF-4363-A4AD-370B71A1058E}.Debug|x86.ActiveCfg = Debug|x86
		{CF94E1EC-89CF-4363-A4AD-370B71A1058E}.Debug|x86.Build.0 = Debug|x86
		{CF94E1EC-89CF-4363-A4AD-370B71A1058E}.Release x64|Any CPU.ActiveCfg = Release|Any CPU
		{CF94E1EC-89CF-4363-A4AD-370B71A1058E}.Release x64|Any CPU.Build.0 = Release|Any CPU
		{CF94E1EC-89CF-4363-A4AD-370B71A1058E}.Release x64|Mixed Platforms.ActiveCfg = Release|x86
		{CF94E1EC-89CF-4363-A4AD-370B71A1058E}.Release x64|Mixed Platforms.Build.0 = Release|x86
		{CF94E1EC-89CF-4363-A4AD-370B71A1058E}.Release x64|x64.ActiveCfg = Release|Any CPU
		{CF94E1EC-89CF-4363-A4AD-370B71A1058E}.Release x64|x86.ActiveCfg = Release|x86
		{CF94E1EC-89CF-4363-A4AD-370B71A1058E}.Release x64|x86.Build.0 = Release|x86
		{CF94E1EC-89CF-4363-A4AD-370B71A1058E}.Release x86|Any CPU.ActiveCfg = Release|Any CPU
		{CF94E1EC-89CF-4363-A4AD-370B71A1058E}.Release x86|Any CPU.Build.0 = Release|Any CPU
		{CF94E1EC-89CF-4363-A4AD-370B71A1058E}.Release x86|Mixed Platforms.ActiveCfg = Release|x86
		{CF94E1EC-89CF-4363-A4AD-370B71A1058E}.Release x86|Mixed Platforms.Build.0 = Release|x86
		{CF94E1EC-89CF-4363-A4AD-370B71A1058E}.Release x86|x64.ActiveCfg = Release|Any CPU
		{CF94E1EC-89CF-4363-A4AD-370B71A1058E}.Release x86|x86.ActiveCfg = Release|x86
		{CF94E1EC-89CF-4363-A4AD-370B71A1058E}.Release x86|x86.Build.0 = Release|x86
		{CF94E1EC-89CF-4363-A4AD-370B71A1058E}.Release|Any CPU.ActiveCfg = Release|Any CPU
		{CF94E1EC-89CF-4363-A4AD-370B71A1058E}.Release|Any CPU.Build.0 = Release|Any CPU
		{CF94E1EC-89CF-4363-A4AD-370B71A1058E}.Release|Mixed Platforms.ActiveCfg = Release|x86
		{CF94E1EC-89CF-4363-A4AD-370B71A1058E}.Release|Mixed Platforms.Build.0 = Release|x86
		{CF94E1EC-89CF-4363-A4AD-370B71A1058E}.Release|x64.ActiveCfg = Release|Any CPU
		{CF94E1EC-89CF-4363-A4AD-370B71A1058E}.Release|x86.ActiveCfg = Release|x86
		{CF94E1EC-89CF-4363-A4AD-370B71A1058E}.Release|x86.Build.0 = Release|x86
		{CF94E1EC-89CF-4363-A4AD-370B71A1058E}.x64|Any CPU.ActiveCfg = x86|Any CPU
		{CF94E1EC-89CF-4363-A4AD-370B71A1058E}.x64|Any CPU.Build.0 = x86|Any CPU
		{CF94E1EC-89CF-4363-A4AD-370B71A1058E}.x64|Mixed Platforms.ActiveCfg = x86|x86
		{CF94E1EC-89CF-4363-A4AD-370B71A1058E}.x64|Mixed Platforms.Build.0 = x86|x86
		{CF94E1EC-89CF-4363-A4AD-370B71A1058E}.x64|x64.ActiveCfg = x86|Any CPU
		{CF94E1EC-89CF-4363-A4AD-370B71A1058E}.x64|x64.Build.0 = x86|Any CPU
		{CF94E1EC-89CF-4363-A4AD-370B71A1058E}.x64|x86.ActiveCfg = x86|x86
		{CF94E1EC-89CF-4363-A4AD-370B71A1058E}.x64|x86.Build.0 = x86|x86
		{CF94E1EC-89CF-4363-A4AD-370B71A1058E}.x86|Any CPU.ActiveCfg = x86|Any CPU
		{CF94E1EC-89CF-4363-A4AD-370B71A1058E}.x86|Any CPU.Build.0 = x86|Any CPU
		{CF94E1EC-89CF-4363-A4AD-370B71A1058E}.x86|Mixed Platforms.ActiveCfg = x86|x86
		{CF94E1EC-89CF-4363-A4AD-370B71A1058E}.x86|Mixed Platforms.Build.0 = x86|x86
		{CF94E1EC-89CF-4363-A4AD-370B71A1058E}.x86|x64.ActiveCfg = x86|Any CPU
		{CF94E1EC-89CF-4363-A4AD-370B71A1058E}.x86|x86.ActiveCfg = x86|x86
		{CF94E1EC-89CF-4363-A4AD-370B71A1058E}.x86|x86.Build.0 = x86|x86
		{0E29A0D7-AFEC-458D-9155-C15CAA153D92}.Debug|Any CPU.ActiveCfg = Debug|Any CPU
		{0E29A0D7-AFEC-458D-9155-C15CAA153D92}.Debug|Any CPU.Build.0 = Debug|Any CPU
		{0E29A0D7-AFEC-458D-9155-C15CAA153D92}.Debug|Mixed Platforms.ActiveCfg = Debug|Any CPU
		{0E29A0D7-AFEC-458D-9155-C15CAA153D92}.Debug|Mixed Platforms.Build.0 = Debug|Any CPU
		{0E29A0D7-AFEC-458D-9155-C15CAA153D92}.Debug|x64.ActiveCfg = Debug|Any CPU
		{0E29A0D7-AFEC-458D-9155-C15CAA153D92}.Debug|x86.ActiveCfg = Debug|Any CPU
		{0E29A0D7-AFEC-458D-9155-C15CAA153D92}.Debug|x86.Build.0 = Debug|Any CPU
		{0E29A0D7-AFEC-458D-9155-C15CAA153D92}.Release x64|Any CPU.ActiveCfg = Release|Any CPU
		{0E29A0D7-AFEC-458D-9155-C15CAA153D92}.Release x64|Any CPU.Build.0 = Release|Any CPU
		{0E29A0D7-AFEC-458D-9155-C15CAA153D92}.Release x64|Mixed Platforms.ActiveCfg = Release|Any CPU
		{0E29A0D7-AFEC-458D-9155-C15CAA153D92}.Release x64|Mixed Platforms.Build.0 = Release|Any CPU
		{0E29A0D7-AFEC-458D-9155-C15CAA153D92}.Release x64|x64.ActiveCfg = Release|Any CPU
		{0E29A0D7-AFEC-458D-9155-C15CAA153D92}.Release x64|x86.ActiveCfg = Release|Any CPU
		{0E29A0D7-AFEC-458D-9155-C15CAA153D92}.Release x86|Any CPU.ActiveCfg = Release|Any CPU
		{0E29A0D7-AFEC-458D-9155-C15CAA153D92}.Release x86|Any CPU.Build.0 = Release|Any CPU
		{0E29A0D7-AFEC-458D-9155-C15CAA153D92}.Release x86|Mixed Platforms.ActiveCfg = Release|Any CPU
		{0E29A0D7-AFEC-458D-9155-C15CAA153D92}.Release x86|Mixed Platforms.Build.0 = Release|Any CPU
		{0E29A0D7-AFEC-458D-9155-C15CAA153D92}.Release x86|x64.ActiveCfg = Release|Any CPU
		{0E29A0D7-AFEC-458D-9155-C15CAA153D92}.Release x86|x86.ActiveCfg = Release|Any CPU
		{0E29A0D7-AFEC-458D-9155-C15CAA153D92}.Release|Any CPU.ActiveCfg = Release|Any CPU
		{0E29A0D7-AFEC-458D-9155-C15CAA153D92}.Release|Any CPU.Build.0 = Release|Any CPU
		{0E29A0D7-AFEC-458D-9155-C15CAA153D92}.Release|Mixed Platforms.ActiveCfg = Release|Any CPU
		{0E29A0D7-AFEC-458D-9155-C15CAA153D92}.Release|Mixed Platforms.Build.0 = Release|Any CPU
		{0E29A0D7-AFEC-458D-9155-C15CAA153D92}.Release|x64.ActiveCfg = Release|Any CPU
		{0E29A0D7-AFEC-458D-9155-C15CAA153D92}.Release|x86.ActiveCfg = Release|Any CPU
		{0E29A0D7-AFEC-458D-9155-C15CAA153D92}.x64|Any CPU.ActiveCfg = Release|Any CPU
		{0E29A0D7-AFEC-458D-9155-C15CAA153D92}.x64|Any CPU.Build.0 = Release|Any CPU
		{0E29A0D7-AFEC-458D-9155-C15CAA153D92}.x64|Mixed Platforms.ActiveCfg = Release|Any CPU
		{0E29A0D7-AFEC-458D-9155-C15CAA153D92}.x64|Mixed Platforms.Build.0 = Release|Any CPU
		{0E29A0D7-AFEC-458D-9155-C15CAA153D92}.x64|x64.ActiveCfg = Release|Any CPU
		{0E29A0D7-AFEC-458D-9155-C15CAA153D92}.x64|x64.Build.0 = Release|Any CPU
		{0E29A0D7-AFEC-458D-9155-C15CAA153D92}.x64|x86.ActiveCfg = Release|Any CPU
		{0E29A0D7-AFEC-458D-9155-C15CAA153D92}.x86|Any CPU.ActiveCfg = Release|Any CPU
		{0E29A0D7-AFEC-458D-9155-C15CAA153D92}.x86|Any CPU.Build.0 = Release|Any CPU
		{0E29A0D7-AFEC-458D-9155-C15CAA153D92}.x86|Mixed Platforms.ActiveCfg = Release|Any CPU
		{0E29A0D7-AFEC-458D-9155-C15CAA153D92}.x86|Mixed Platforms.Build.0 = Release|Any CPU
		{0E29A0D7-AFEC-458D-9155-C15CAA153D92}.x86|x64.ActiveCfg = Release|Any CPU
		{0E29A0D7-AFEC-458D-9155-C15CAA153D92}.x86|x86.ActiveCfg = Release|Any CPU
		{0E29A0D7-AFEC-458D-9155-C15CAA153D92}.x86|x86.Build.0 = Release|Any CPU
		{FC13028B-4274-414A-9155-4063FCE86923}.Debug|Any CPU.ActiveCfg = Debug|Any CPU
		{FC13028B-4274-414A-9155-4063FCE86923}.Debug|Any CPU.Build.0 = Debug|Any CPU
		{FC13028B-4274-414A-9155-4063FCE86923}.Debug|Mixed Platforms.ActiveCfg = Debug|Any CPU
		{FC13028B-4274-414A-9155-4063FCE86923}.Debug|Mixed Platforms.Build.0 = Debug|Any CPU
		{FC13028B-4274-414A-9155-4063FCE86923}.Debug|x64.ActiveCfg = Debug|Any CPU
		{FC13028B-4274-414A-9155-4063FCE86923}.Debug|x86.ActiveCfg = Debug|Any CPU
		{FC13028B-4274-414A-9155-4063FCE86923}.Release x64|Any CPU.ActiveCfg = Release|Any CPU
		{FC13028B-4274-414A-9155-4063FCE86923}.Release x64|Any CPU.Build.0 = Release|Any CPU
		{FC13028B-4274-414A-9155-4063FCE86923}.Release x64|Mixed Platforms.ActiveCfg = Release|Any CPU
		{FC13028B-4274-414A-9155-4063FCE86923}.Release x64|Mixed Platforms.Build.0 = Release|Any CPU
		{FC13028B-4274-414A-9155-4063FCE86923}.Release x64|x64.ActiveCfg = Release|Any CPU
		{FC13028B-4274-414A-9155-4063FCE86923}.Release x64|x86.ActiveCfg = Release|Any CPU
		{FC13028B-4274-414A-9155-4063FCE86923}.Release x86|Any CPU.ActiveCfg = Release|Any CPU
		{FC13028B-4274-414A-9155-4063FCE86923}.Release x86|Any CPU.Build.0 = Release|Any CPU
		{FC13028B-4274-414A-9155-4063FCE86923}.Release x86|Mixed Platforms.ActiveCfg = Release|Any CPU
		{FC13028B-4274-414A-9155-4063FCE86923}.Release x86|Mixed Platforms.Build.0 = Release|Any CPU
		{FC13028B-4274-414A-9155-4063FCE86923}.Release x86|x64.ActiveCfg = Release|Any CPU
		{FC13028B-4274-414A-9155-4063FCE86923}.Release x86|x86.ActiveCfg = Release|Any CPU
		{FC13028B-4274-414A-9155-4063FCE86923}.Release|Any CPU.ActiveCfg = Release|Any CPU
		{FC13028B-4274-414A-9155-4063FCE86923}.Release|Any CPU.Build.0 = Release|Any CPU
		{FC13028B-4274-414A-9155-4063FCE86923}.Release|Mixed Platforms.ActiveCfg = Release|Any CPU
		{FC13028B-4274-414A-9155-4063FCE86923}.Release|Mixed Platforms.Build.0 = Release|Any CPU
		{FC13028B-4274-414A-9155-4063FCE86923}.Release|x64.ActiveCfg = Release|Any CPU
		{FC13028B-4274-414A-9155-4063FCE86923}.Release|x86.ActiveCfg = Release|Any CPU
		{FC13028B-4274-414A-9155-4063FCE86923}.x64|Any CPU.ActiveCfg = Release|Any CPU
		{FC13028B-4274-414A-9155-4063FCE86923}.x64|Any CPU.Build.0 = Release|Any CPU
		{FC13028B-4274-414A-9155-4063FCE86923}.x64|Mixed Platforms.ActiveCfg = Release|Any CPU
		{FC13028B-4274-414A-9155-4063FCE86923}.x64|Mixed Platforms.Build.0 = Release|Any CPU
		{FC13028B-4274-414A-9155-4063FCE86923}.x64|x64.ActiveCfg = Release|Any CPU
		{FC13028B-4274-414A-9155-4063FCE86923}.x64|x64.Build.0 = Release|Any CPU
		{FC13028B-4274-414A-9155-4063FCE86923}.x64|x86.ActiveCfg = Release|Any CPU
		{FC13028B-4274-414A-9155-4063FCE86923}.x86|Any CPU.ActiveCfg = Release|Any CPU
		{FC13028B-4274-414A-9155-4063FCE86923}.x86|Any CPU.Build.0 = Release|Any CPU
		{FC13028B-4274-414A-9155-4063FCE86923}.x86|Mixed Platforms.ActiveCfg = Release|Any CPU
		{FC13028B-4274-414A-9155-4063FCE86923}.x86|Mixed Platforms.Build.0 = Release|Any CPU
		{FC13028B-4274-414A-9155-4063FCE86923}.x86|x64.ActiveCfg = Release|Any CPU
		{FC13028B-4274-414A-9155-4063FCE86923}.x86|x86.ActiveCfg = Release|Any CPU
		{FC13028B-4274-414A-9155-4063FCE86923}.x86|x86.Build.0 = Release|Any CPU
		{2E0F2E08-87D5-4BE6-B88A-EB36CEDBC5B8}.Debug|Any CPU.ActiveCfg = Debug|Any CPU
		{2E0F2E08-87D5-4BE6-B88A-EB36CEDBC5B8}.Debug|Any CPU.Build.0 = Debug|Any CPU
		{2E0F2E08-87D5-4BE6-B88A-EB36CEDBC5B8}.Debug|Mixed Platforms.ActiveCfg = Debug|x86
		{2E0F2E08-87D5-4BE6-B88A-EB36CEDBC5B8}.Debug|Mixed Platforms.Build.0 = Debug|x86
		{2E0F2E08-87D5-4BE6-B88A-EB36CEDBC5B8}.Debug|x64.ActiveCfg = Debug|Any CPU
		{2E0F2E08-87D5-4BE6-B88A-EB36CEDBC5B8}.Debug|x64.Build.0 = Debug|Any CPU
		{2E0F2E08-87D5-4BE6-B88A-EB36CEDBC5B8}.Debug|x86.ActiveCfg = Debug|x86
		{2E0F2E08-87D5-4BE6-B88A-EB36CEDBC5B8}.Debug|x86.Build.0 = Debug|x86
		{2E0F2E08-87D5-4BE6-B88A-EB36CEDBC5B8}.Release x64|Any CPU.ActiveCfg = Release|Any CPU
		{2E0F2E08-87D5-4BE6-B88A-EB36CEDBC5B8}.Release x64|Any CPU.Build.0 = Release|Any CPU
		{2E0F2E08-87D5-4BE6-B88A-EB36CEDBC5B8}.Release x64|Mixed Platforms.ActiveCfg = Release|x86
		{2E0F2E08-87D5-4BE6-B88A-EB36CEDBC5B8}.Release x64|Mixed Platforms.Build.0 = Release|x86
		{2E0F2E08-87D5-4BE6-B88A-EB36CEDBC5B8}.Release x64|x64.ActiveCfg = Release|Any CPU
		{2E0F2E08-87D5-4BE6-B88A-EB36CEDBC5B8}.Release x64|x64.Build.0 = Release|Any CPU
		{2E0F2E08-87D5-4BE6-B88A-EB36CEDBC5B8}.Release x64|x86.ActiveCfg = Release|x86
		{2E0F2E08-87D5-4BE6-B88A-EB36CEDBC5B8}.Release x64|x86.Build.0 = Release|x86
		{2E0F2E08-87D5-4BE6-B88A-EB36CEDBC5B8}.Release x86|Any CPU.ActiveCfg = Release|Any CPU
		{2E0F2E08-87D5-4BE6-B88A-EB36CEDBC5B8}.Release x86|Any CPU.Build.0 = Release|Any CPU
		{2E0F2E08-87D5-4BE6-B88A-EB36CEDBC5B8}.Release x86|Mixed Platforms.ActiveCfg = Release|x86
		{2E0F2E08-87D5-4BE6-B88A-EB36CEDBC5B8}.Release x86|Mixed Platforms.Build.0 = Release|x86
		{2E0F2E08-87D5-4BE6-B88A-EB36CEDBC5B8}.Release x86|x64.ActiveCfg = Release|Any CPU
		{2E0F2E08-87D5-4BE6-B88A-EB36CEDBC5B8}.Release x86|x64.Build.0 = Release|Any CPU
		{2E0F2E08-87D5-4BE6-B88A-EB36CEDBC5B8}.Release x86|x86.ActiveCfg = Release|x86
		{2E0F2E08-87D5-4BE6-B88A-EB36CEDBC5B8}.Release x86|x86.Build.0 = Release|x86
		{2E0F2E08-87D5-4BE6-B88A-EB36CEDBC5B8}.Release|Any CPU.ActiveCfg = Release|Any CPU
		{2E0F2E08-87D5-4BE6-B88A-EB36CEDBC5B8}.Release|Any CPU.Build.0 = Release|Any CPU
		{2E0F2E08-87D5-4BE6-B88A-EB36CEDBC5B8}.Release|Mixed Platforms.ActiveCfg = Release|x86
		{2E0F2E08-87D5-4BE6-B88A-EB36CEDBC5B8}.Release|Mixed Platforms.Build.0 = Release|x86
		{2E0F2E08-87D5-4BE6-B88A-EB36CEDBC5B8}.Release|x64.ActiveCfg = Release|Any CPU
		{2E0F2E08-87D5-4BE6-B88A-EB36CEDBC5B8}.Release|x64.Build.0 = Release|Any CPU
		{2E0F2E08-87D5-4BE6-B88A-EB36CEDBC5B8}.Release|x86.ActiveCfg = Release|x86
		{2E0F2E08-87D5-4BE6-B88A-EB36CEDBC5B8}.Release|x86.Build.0 = Release|x86
		{2E0F2E08-87D5-4BE6-B88A-EB36CEDBC5B8}.x64|Any CPU.ActiveCfg = x86|Any CPU
		{2E0F2E08-87D5-4BE6-B88A-EB36CEDBC5B8}.x64|Any CPU.Build.0 = x86|Any CPU
		{2E0F2E08-87D5-4BE6-B88A-EB36CEDBC5B8}.x64|Mixed Platforms.ActiveCfg = x86|x86
		{2E0F2E08-87D5-4BE6-B88A-EB36CEDBC5B8}.x64|Mixed Platforms.Build.0 = x86|x86
		{2E0F2E08-87D5-4BE6-B88A-EB36CEDBC5B8}.x64|x64.ActiveCfg = x86|Any CPU
		{2E0F2E08-87D5-4BE6-B88A-EB36CEDBC5B8}.x64|x64.Build.0 = x86|Any CPU
		{2E0F2E08-87D5-4BE6-B88A-EB36CEDBC5B8}.x64|x86.ActiveCfg = x86|x86
		{2E0F2E08-87D5-4BE6-B88A-EB36CEDBC5B8}.x64|x86.Build.0 = x86|x86
		{2E0F2E08-87D5-4BE6-B88A-EB36CEDBC5B8}.x86|Any CPU.ActiveCfg = x86|Any CPU
		{2E0F2E08-87D5-4BE6-B88A-EB36CEDBC5B8}.x86|Any CPU.Build.0 = x86|Any CPU
		{2E0F2E08-87D5-4BE6-B88A-EB36CEDBC5B8}.x86|Mixed Platforms.ActiveCfg = x86|x86
		{2E0F2E08-87D5-4BE6-B88A-EB36CEDBC5B8}.x86|Mixed Platforms.Build.0 = x86|x86
		{2E0F2E08-87D5-4BE6-B88A-EB36CEDBC5B8}.x86|x64.ActiveCfg = x86|Any CPU
		{2E0F2E08-87D5-4BE6-B88A-EB36CEDBC5B8}.x86|x64.Build.0 = x86|Any CPU
		{2E0F2E08-87D5-4BE6-B88A-EB36CEDBC5B8}.x86|x86.ActiveCfg = x86|x86
		{2E0F2E08-87D5-4BE6-B88A-EB36CEDBC5B8}.x86|x86.Build.0 = x86|x86
	EndGlobalSection
	GlobalSection(SolutionProperties) = preSolution
		HideSolutionNode = FALSE
	EndGlobalSection
	GlobalSection(ExtensibilityGlobals) = postSolution
		SolutionGuid = {916B1F4D-F06C-4E92-A46B-21DD8EB32DB5}
		VisualSVNWorkingCopyRoot = .
	EndGlobalSection
EndGlobal
